
Microsoft Visual Studio Solution File, Format Version 12.00
# Visual Studio Version 17
VisualStudioVersion = 17.1.32203.90
MinimumVisualStudioVersion = 10.0.40219.1
Project("{FAE04EC0-301F-11D3-BF4B-00C04F79EFBC}") = "Userform Registration", "Userform Registration\Userform Registration.csproj", "{05A1529B-F495-4C11-A6E1-62671BD28509}"
EndProject
Global
	GlobalSection(SolutionConfigurationPlatforms) = preSolution
		Debug|Any CPU = Debug|Any CPU
		Release|Any CPU = Release|Any CPU
	EndGlobalSection
	GlobalSection(ProjectConfigurationPlatforms) = postSolution
		{05A1529B-F495-4C11-A6E1-62671BD28509}.Debug|Any CPU.ActiveCfg = Debug|Any CPU
		{05A1529B-F495-4C11-A6E1-62671BD28509}.Debug|Any CPU.Build.0 = Debug|Any CPU
		{05A1529B-F495-4C11-A6E1-62671BD28509}.Release|Any CPU.ActiveCfg = Release|Any CPU
		{05A1529B-F495-4C11-A6E1-62671BD28509}.Release|Any CPU.Build.0 = Release|Any CPU
	EndGlobalSection
	GlobalSection(SolutionProperties) = preSolution
		HideSolutionNode = FALSE
	EndGlobalSection
	GlobalSection(ExtensibilityGlobals) = postSolution
		SolutionGuid = {C532D113-1255-4AD0-925C-FF83A42AA9FC}
	EndGlobalSection
EndGlobal
